
Microsoft Visual Studio Solution File, Format Version 12.00
# Visual Studio 2012
Project("{FAE04EC0-301F-11D3-BF4B-00C04F79EFBC}") = "StepsShoppingCart", "StepsShoppingCart\StepsShoppingCart.csproj", "{281B9A69-A278-46D4-BD7A-8AF76E5E712E}"
EndProject
Project("{FAE04EC0-301F-11D3-BF4B-00C04F79EFBC}") = "StepsShoppingCart.Tests", "StepsShoppingCart.Tests\StepsShoppingCart.Tests.csproj", "{3CFA5AB4-1426-4564-94D1-4F74E5EBA450}"
EndProject
Global
	GlobalSection(SolutionConfigurationPlatforms) = preSolution
		Debug|Any CPU = Debug|Any CPU
		Release|Any CPU = Release|Any CPU
	EndGlobalSection
	GlobalSection(ProjectConfigurationPlatforms) = postSolution
		{281B9A69-A278-46D4-BD7A-8AF76E5E712E}.Debug|Any CPU.ActiveCfg = Debug|Any CPU
		{281B9A69-A278-46D4-BD7A-8AF76E5E712E}.Debug|Any CPU.Build.0 = Debug|Any CPU
		{281B9A69-A278-46D4-BD7A-8AF76E5E712E}.Release|Any CPU.ActiveCfg = Release|Any CPU
		{281B9A69-A278-46D4-BD7A-8AF76E5E712E}.Release|Any CPU.Build.0 = Release|Any CPU
		{3CFA5AB4-1426-4564-94D1-4F74E5EBA450}.Debug|Any CPU.ActiveCfg = Debug|Any CPU
		{3CFA5AB4-1426-4564-94D1-4F74E5EBA450}.Debug|Any CPU.Build.0 = Debug|Any CPU
		{3CFA5AB4-1426-4564-94D1-4F74E5EBA450}.Release|Any CPU.ActiveCfg = Release|Any CPU
		{3CFA5AB4-1426-4564-94D1-4F74E5EBA450}.Release|Any CPU.Build.0 = Release|Any CPU
	EndGlobalSection
	GlobalSection(SolutionProperties) = preSolution
		HideSolutionNode = FALSE
	EndGlobalSection
EndGlobal
